
Microsoft Visual Studio Solution File, Format Version 12.00
# Visual Studio Version 16
VisualStudioVersion = 16.0.30503.244
MinimumVisualStudioVersion = 10.0.40219.1
Project("{9A19103F-16F7-4668-BE54-9A1E7A4F7556}") = "AcmeApartments.Common", "src\AcmeApartments.Common\AcmeApartments.Common.csproj", "{75B1D755-C5C6-459E-B25F-EE12B57FC61A}"
EndProject
Project("{9A19103F-16F7-4668-BE54-9A1E7A4F7556}") = "AcmeApartments.BLL", "src\AcmeApartments.BLL\AcmeApartments.BLL.csproj", "{F679AB72-A3EF-4E46-A746-E4FA6ED8A4A8}"
EndProject
Project("{9A19103F-16F7-4668-BE54-9A1E7A4F7556}") = "AcmeApartments.DAL", "src\AcmeApartments.DAL\AcmeApartments.DAL.csproj", "{FC46A12A-D715-4334-968D-CC393313F5FE}"
EndProject
Project("{9A19103F-16F7-4668-BE54-9A1E7A4F7556}") = "AcmeApartments.Web", "src\AcmeApartments.Web\AcmeApartments.Web.csproj", "{0A66D4EF-AD17-4AF6-8B02-E11A131FD545}"
EndProject
Global
	GlobalSection(SolutionConfigurationPlatforms) = preSolution
		Debug|Any CPU = Debug|Any CPU
		Release|Any CPU = Release|Any CPU
	EndGlobalSection
	GlobalSection(ProjectConfigurationPlatforms) = postSolution
		{75B1D755-C5C6-459E-B25F-EE12B57FC61A}.Debug|Any CPU.ActiveCfg = Debug|Any CPU
		{75B1D755-C5C6-459E-B25F-EE12B57FC61A}.Debug|Any CPU.Build.0 = Debug|Any CPU
		{75B1D755-C5C6-459E-B25F-EE12B57FC61A}.Release|Any CPU.ActiveCfg = Release|Any CPU
		{75B1D755-C5C6-459E-B25F-EE12B57FC61A}.Release|Any CPU.Build.0 = Release|Any CPU
		{F679AB72-A3EF-4E46-A746-E4FA6ED8A4A8}.Debug|Any CPU.ActiveCfg = Debug|Any CPU
		{F679AB72-A3EF-4E46-A746-E4FA6ED8A4A8}.Debug|Any CPU.Build.0 = Debug|Any CPU
		{F679AB72-A3EF-4E46-A746-E4FA6ED8A4A8}.Release|Any CPU.ActiveCfg = Release|Any CPU
		{F679AB72-A3EF-4E46-A746-E4FA6ED8A4A8}.Release|Any CPU.Build.0 = Release|Any CPU
		{FC46A12A-D715-4334-968D-CC393313F5FE}.Debug|Any CPU.ActiveCfg = Debug|Any CPU
		{FC46A12A-D715-4334-968D-CC393313F5FE}.Debug|Any CPU.Build.0 = Debug|Any CPU
		{FC46A12A-D715-4334-968D-CC393313F5FE}.Release|Any CPU.ActiveCfg = Release|Any CPU
		{FC46A12A-D715-4334-968D-CC393313F5FE}.Release|Any CPU.Build.0 = Release|Any CPU
		{0A66D4EF-AD17-4AF6-8B02-E11A131FD545}.Debug|Any CPU.ActiveCfg = Debug|Any CPU
		{0A66D4EF-AD17-4AF6-8B02-E11A131FD545}.Debug|Any CPU.Build.0 = Debug|Any CPU
		{0A66D4EF-AD17-4AF6-8B02-E11A131FD545}.Release|Any CPU.ActiveCfg = Release|Any CPU
		{0A66D4EF-AD17-4AF6-8B02-E11A131FD545}.Release|Any CPU.Build.0 = Release|Any CPU
	EndGlobalSection
	GlobalSection(SolutionProperties) = preSolution
		HideSolutionNode = FALSE
	EndGlobalSection
	GlobalSection(ExtensibilityGlobals) = postSolution
		SolutionGuid = {99C9938C-19AF-46CD-B44A-90C6005D03E7}
	EndGlobalSection
EndGlobal
