
Microsoft Visual Studio Solution File, Format Version 12.00
# Visual Studio Version 17
VisualStudioVersion = 17.0.32112.339
MinimumVisualStudioVersion = 10.0.40219.1
Project("{9A19103F-16F7-4668-BE54-9A1E7A4F7556}") = "AcmeApartments.Web", "src\AcmeApartments.Web\AcmeApartments.Web.csproj", "{387FB124-4D31-4A9F-8498-C185974CF5E0}"
EndProject
Project("{9A19103F-16F7-4668-BE54-9A1E7A4F7556}") = "AcmeApartments.Providers", "src\AcmeApartments.Providers\AcmeApartments.Providers.csproj", "{35F1EE7B-8302-4F9A-9C58-8484E50B9E2B}"
EndProject
Project("{9A19103F-16F7-4668-BE54-9A1E7A4F7556}") = "AcmeApartments.Data.Provider", "src\AcmeApartments.Data.Provider\AcmeApartments.Data.Provider.csproj", "{9D85503A-1302-4A65-9DDF-0F4D5271E08E}"
EndProject
Project("{2150E333-8FDC-42A3-9474-1A3956D46DE8}") = "Tests", "Tests", "{771D2B4D-DE78-4AC2-87AE-281E7F288C87}"
EndProject
Project("{9A19103F-16F7-4668-BE54-9A1E7A4F7556}") = "AcmeApartments.Web.UnitTests", "tests\AcmeApartments.Web.UnitTests\AcmeApartments.Web.UnitTests.csproj", "{937698B3-E00B-4056-8CF3-B45A610EF584}"
EndProject
Global
	GlobalSection(SolutionConfigurationPlatforms) = preSolution
		Debug|Any CPU = Debug|Any CPU
		Release|Any CPU = Release|Any CPU
	EndGlobalSection
	GlobalSection(ProjectConfigurationPlatforms) = postSolution
		{387FB124-4D31-4A9F-8498-C185974CF5E0}.Debug|Any CPU.ActiveCfg = Debug|Any CPU
		{387FB124-4D31-4A9F-8498-C185974CF5E0}.Debug|Any CPU.Build.0 = Debug|Any CPU
		{387FB124-4D31-4A9F-8498-C185974CF5E0}.Release|Any CPU.ActiveCfg = Release|Any CPU
		{387FB124-4D31-4A9F-8498-C185974CF5E0}.Release|Any CPU.Build.0 = Release|Any CPU
		{35F1EE7B-8302-4F9A-9C58-8484E50B9E2B}.Debug|Any CPU.ActiveCfg = Debug|Any CPU
		{35F1EE7B-8302-4F9A-9C58-8484E50B9E2B}.Debug|Any CPU.Build.0 = Debug|Any CPU
		{35F1EE7B-8302-4F9A-9C58-8484E50B9E2B}.Release|Any CPU.ActiveCfg = Release|Any CPU
		{35F1EE7B-8302-4F9A-9C58-8484E50B9E2B}.Release|Any CPU.Build.0 = Release|Any CPU
		{9D85503A-1302-4A65-9DDF-0F4D5271E08E}.Debug|Any CPU.ActiveCfg = Debug|Any CPU
		{9D85503A-1302-4A65-9DDF-0F4D5271E08E}.Debug|Any CPU.Build.0 = Debug|Any CPU
		{9D85503A-1302-4A65-9DDF-0F4D5271E08E}.Release|Any CPU.ActiveCfg = Release|Any CPU
		{9D85503A-1302-4A65-9DDF-0F4D5271E08E}.Release|Any CPU.Build.0 = Release|Any CPU
		{937698B3-E00B-4056-8CF3-B45A610EF584}.Debug|Any CPU.ActiveCfg = Debug|Any CPU
		{937698B3-E00B-4056-8CF3-B45A610EF584}.Debug|Any CPU.Build.0 = Debug|Any CPU
		{937698B3-E00B-4056-8CF3-B45A610EF584}.Release|Any CPU.ActiveCfg = Release|Any CPU
		{937698B3-E00B-4056-8CF3-B45A610EF584}.Release|Any CPU.Build.0 = Release|Any CPU
	EndGlobalSection
	GlobalSection(SolutionProperties) = preSolution
		HideSolutionNode = FALSE
	EndGlobalSection
	GlobalSection(NestedProjects) = preSolution
		{937698B3-E00B-4056-8CF3-B45A610EF584} = {771D2B4D-DE78-4AC2-87AE-281E7F288C87}
	EndGlobalSection
	GlobalSection(ExtensibilityGlobals) = postSolution
		SolutionGuid = {99C9938C-19AF-46CD-B44A-90C6005D03E7}
	EndGlobalSection
EndGlobal
