
Microsoft Visual Studio Solution File, Format Version 12.00
# Visual Studio Version 16
VisualStudioVersion = 16.0.30503.244
MinimumVisualStudioVersion = 10.0.40219.1
Project("{9A19103F-16F7-4668-BE54-9A1E7A4F7556}") = "Peach Grove Apartments Demo Project", "Peach Grove Apartments Demo Project\Peach Grove Apartments Demo Project.csproj", "{29BBF7B7-D675-45A9-AAD0-B5CB92C47911}"
EndProject
Project("{9A19103F-16F7-4668-BE54-9A1E7A4F7556}") = "PeachGroveApartments.BLL", "PeachGroveApartments.BLL\PeachGroveApartments.BLL.csproj", "{737C5176-3521-4375-BD32-1107AB7189E8}"
EndProject
Project("{9A19103F-16F7-4668-BE54-9A1E7A4F7556}") = "PeachGroveApartments.DAL", "PeachGroveApartments.DAL\PeachGroveApartments.DAL.csproj", "{C48E0A8D-4506-4642-A959-31D9C834115D}"
EndProject
Project("{FAE04EC0-301F-11D3-BF4B-00C04F79EFBC}") = "PeachGroveApartments.Common", "PeachGroveApartments.Common\PeachGroveApartments.Common.csproj", "{64240D8E-6FBD-4658-A614-F4B8CE93AF23}"
EndProject
Global
	GlobalSection(SolutionConfigurationPlatforms) = preSolution
		Debug|Any CPU = Debug|Any CPU
		Release|Any CPU = Release|Any CPU
	EndGlobalSection
	GlobalSection(ProjectConfigurationPlatforms) = postSolution
		{29BBF7B7-D675-45A9-AAD0-B5CB92C47911}.Debug|Any CPU.ActiveCfg = Debug|Any CPU
		{29BBF7B7-D675-45A9-AAD0-B5CB92C47911}.Debug|Any CPU.Build.0 = Debug|Any CPU
		{29BBF7B7-D675-45A9-AAD0-B5CB92C47911}.Release|Any CPU.ActiveCfg = Release|Any CPU
		{29BBF7B7-D675-45A9-AAD0-B5CB92C47911}.Release|Any CPU.Build.0 = Release|Any CPU
		{737C5176-3521-4375-BD32-1107AB7189E8}.Debug|Any CPU.ActiveCfg = Debug|Any CPU
		{737C5176-3521-4375-BD32-1107AB7189E8}.Debug|Any CPU.Build.0 = Debug|Any CPU
		{737C5176-3521-4375-BD32-1107AB7189E8}.Release|Any CPU.ActiveCfg = Release|Any CPU
		{737C5176-3521-4375-BD32-1107AB7189E8}.Release|Any CPU.Build.0 = Release|Any CPU
		{C48E0A8D-4506-4642-A959-31D9C834115D}.Debug|Any CPU.ActiveCfg = Debug|Any CPU
		{C48E0A8D-4506-4642-A959-31D9C834115D}.Debug|Any CPU.Build.0 = Debug|Any CPU
		{C48E0A8D-4506-4642-A959-31D9C834115D}.Release|Any CPU.ActiveCfg = Release|Any CPU
		{C48E0A8D-4506-4642-A959-31D9C834115D}.Release|Any CPU.Build.0 = Release|Any CPU
		{64240D8E-6FBD-4658-A614-F4B8CE93AF23}.Debug|Any CPU.ActiveCfg = Debug|Any CPU
		{64240D8E-6FBD-4658-A614-F4B8CE93AF23}.Debug|Any CPU.Build.0 = Debug|Any CPU
		{64240D8E-6FBD-4658-A614-F4B8CE93AF23}.Release|Any CPU.ActiveCfg = Release|Any CPU
		{64240D8E-6FBD-4658-A614-F4B8CE93AF23}.Release|Any CPU.Build.0 = Release|Any CPU
	EndGlobalSection
	GlobalSection(SolutionProperties) = preSolution
		HideSolutionNode = FALSE
	EndGlobalSection
	GlobalSection(ExtensibilityGlobals) = postSolution
		SolutionGuid = {99C9938C-19AF-46CD-B44A-90C6005D03E7}
	EndGlobalSection
EndGlobal
