
Microsoft Visual Studio Solution File, Format Version 12.00
# Visual Studio Version 16
VisualStudioVersion = 16.0.30503.244
MinimumVisualStudioVersion = 10.0.40219.1
Project("{9A19103F-16F7-4668-BE54-9A1E7A4F7556}") = "PeachGroveApartments.Web", "src\PeachGroveApartments.Web\PeachGroveApartments.Web.csproj", "{29BBF7B7-D675-45A9-AAD0-B5CB92C47911}"
EndProject
Project("{9A19103F-16F7-4668-BE54-9A1E7A4F7556}") = "PeachGroveApartments.Core", "src\PeachGroveApartments.Core\PeachGroveApartments.Core.csproj", "{564411A6-B0C2-4707-8F7B-895EDF4BF993}"
EndProject
Project("{9A19103F-16F7-4668-BE54-9A1E7A4F7556}") = "PeachGroveApartments.Common", "src\PeachGroveApartments.Common\PeachGroveApartments.Common.csproj", "{75B1D755-C5C6-459E-B25F-EE12B57FC61A}"
EndProject
Project("{9A19103F-16F7-4668-BE54-9A1E7A4F7556}") = "PeachGroveApartments.Infrastructure", "src\PeachGroveApartments.Infrastructure\PeachGroveApartments.Infrastructure.csproj", "{B5A7612C-A51E-4273-9BA2-84E2249C8958}"
EndProject
Project("{9A19103F-16F7-4668-BE54-9A1E7A4F7556}") = "PeachGroveApartments.ApplicationLayer", "src\PeachGroveApartments.ApplicationLayer\PeachGroveApartments.ApplicationLayer.csproj", "{C944C965-5C9B-4910-B611-66DCE45E1EA6}"
EndProject
Project("{FAE04EC0-301F-11D3-BF4B-00C04F79EFBC}") = "AcmeApartments.BLL", "src\AcmeApartments.BLL\AcmeApartments.BLL.csproj", "{F679AB72-A3EF-4E46-A746-E4FA6ED8A4A8}"
EndProject
Project("{FAE04EC0-301F-11D3-BF4B-00C04F79EFBC}") = "AcmeApartments.DAL", "src\AcmeApartments.DAL\AcmeApartments.DAL.csproj", "{FC46A12A-D715-4334-968D-CC393313F5FE}"
EndProject
Global
	GlobalSection(SolutionConfigurationPlatforms) = preSolution
		Debug|Any CPU = Debug|Any CPU
		Release|Any CPU = Release|Any CPU
	EndGlobalSection
	GlobalSection(ProjectConfigurationPlatforms) = postSolution
		{29BBF7B7-D675-45A9-AAD0-B5CB92C47911}.Debug|Any CPU.ActiveCfg = Debug|Any CPU
		{29BBF7B7-D675-45A9-AAD0-B5CB92C47911}.Debug|Any CPU.Build.0 = Debug|Any CPU
		{29BBF7B7-D675-45A9-AAD0-B5CB92C47911}.Release|Any CPU.ActiveCfg = Release|Any CPU
		{29BBF7B7-D675-45A9-AAD0-B5CB92C47911}.Release|Any CPU.Build.0 = Release|Any CPU
		{564411A6-B0C2-4707-8F7B-895EDF4BF993}.Debug|Any CPU.ActiveCfg = Debug|Any CPU
		{564411A6-B0C2-4707-8F7B-895EDF4BF993}.Debug|Any CPU.Build.0 = Debug|Any CPU
		{564411A6-B0C2-4707-8F7B-895EDF4BF993}.Release|Any CPU.ActiveCfg = Release|Any CPU
		{564411A6-B0C2-4707-8F7B-895EDF4BF993}.Release|Any CPU.Build.0 = Release|Any CPU
		{75B1D755-C5C6-459E-B25F-EE12B57FC61A}.Debug|Any CPU.ActiveCfg = Debug|Any CPU
		{75B1D755-C5C6-459E-B25F-EE12B57FC61A}.Debug|Any CPU.Build.0 = Debug|Any CPU
		{75B1D755-C5C6-459E-B25F-EE12B57FC61A}.Release|Any CPU.ActiveCfg = Release|Any CPU
		{75B1D755-C5C6-459E-B25F-EE12B57FC61A}.Release|Any CPU.Build.0 = Release|Any CPU
		{B5A7612C-A51E-4273-9BA2-84E2249C8958}.Debug|Any CPU.ActiveCfg = Debug|Any CPU
		{B5A7612C-A51E-4273-9BA2-84E2249C8958}.Debug|Any CPU.Build.0 = Debug|Any CPU
		{B5A7612C-A51E-4273-9BA2-84E2249C8958}.Release|Any CPU.ActiveCfg = Release|Any CPU
		{B5A7612C-A51E-4273-9BA2-84E2249C8958}.Release|Any CPU.Build.0 = Release|Any CPU
		{C944C965-5C9B-4910-B611-66DCE45E1EA6}.Debug|Any CPU.ActiveCfg = Debug|Any CPU
		{C944C965-5C9B-4910-B611-66DCE45E1EA6}.Debug|Any CPU.Build.0 = Debug|Any CPU
		{C944C965-5C9B-4910-B611-66DCE45E1EA6}.Release|Any CPU.ActiveCfg = Release|Any CPU
		{C944C965-5C9B-4910-B611-66DCE45E1EA6}.Release|Any CPU.Build.0 = Release|Any CPU
		{F679AB72-A3EF-4E46-A746-E4FA6ED8A4A8}.Debug|Any CPU.ActiveCfg = Debug|Any CPU
		{F679AB72-A3EF-4E46-A746-E4FA6ED8A4A8}.Debug|Any CPU.Build.0 = Debug|Any CPU
		{F679AB72-A3EF-4E46-A746-E4FA6ED8A4A8}.Release|Any CPU.ActiveCfg = Release|Any CPU
		{F679AB72-A3EF-4E46-A746-E4FA6ED8A4A8}.Release|Any CPU.Build.0 = Release|Any CPU
		{FC46A12A-D715-4334-968D-CC393313F5FE}.Debug|Any CPU.ActiveCfg = Debug|Any CPU
		{FC46A12A-D715-4334-968D-CC393313F5FE}.Debug|Any CPU.Build.0 = Debug|Any CPU
		{FC46A12A-D715-4334-968D-CC393313F5FE}.Release|Any CPU.ActiveCfg = Release|Any CPU
		{FC46A12A-D715-4334-968D-CC393313F5FE}.Release|Any CPU.Build.0 = Release|Any CPU
	EndGlobalSection
	GlobalSection(SolutionProperties) = preSolution
		HideSolutionNode = FALSE
	EndGlobalSection
	GlobalSection(ExtensibilityGlobals) = postSolution
		SolutionGuid = {99C9938C-19AF-46CD-B44A-90C6005D03E7}
	EndGlobalSection
EndGlobal
